
Microsoft Visual Studio Solution File, Format Version 12.00
# Visual Studio Version 16
VisualStudioVersion = 16.0.29806.167
MinimumVisualStudioVersion = 10.0.40219.1
Project("{9A19103F-16F7-4668-BE54-9A1E7A4F7556}") = "Sharp8086", "Sharp8086\Sharp8086.csproj", "{BBB07A61-B551-4786-BEB2-93B96F3A4D5A}"
EndProject
Project("{FAE04EC0-301F-11D3-BF4B-00C04F79EFBC}") = "Sharp8086.Emulator", "Sharp8086.Emulator\Sharp8086.Emulator.csproj", "{44D74D42-3550-4F1C-B310-DB8BDAEB12EA}"
EndProject
Project("{FAE04EC0-301F-11D3-BF4B-00C04F79EFBC}") = "Sharp8086.Test", "Sharp8086.Test\Sharp8086.Test.csproj", "{E1BFC8AC-6794-4AE5-81B0-53C6D1CEC00D}"
EndProject
Global
	GlobalSection(SolutionConfigurationPlatforms) = preSolution
		Debug|Any CPU = Debug|Any CPU
		Release|Any CPU = Release|Any CPU
	EndGlobalSection
	GlobalSection(ProjectConfigurationPlatforms) = postSolution
		{BBB07A61-B551-4786-BEB2-93B96F3A4D5A}.Debug|Any CPU.ActiveCfg = Debug|Any CPU
		{BBB07A61-B551-4786-BEB2-93B96F3A4D5A}.Debug|Any CPU.Build.0 = Debug|Any CPU
		{BBB07A61-B551-4786-BEB2-93B96F3A4D5A}.Release|Any CPU.ActiveCfg = Release|Any CPU
		{BBB07A61-B551-4786-BEB2-93B96F3A4D5A}.Release|Any CPU.Build.0 = Release|Any CPU
		{44D74D42-3550-4F1C-B310-DB8BDAEB12EA}.Debug|Any CPU.ActiveCfg = Debug|Any CPU
		{44D74D42-3550-4F1C-B310-DB8BDAEB12EA}.Debug|Any CPU.Build.0 = Debug|Any CPU
		{44D74D42-3550-4F1C-B310-DB8BDAEB12EA}.Release|Any CPU.ActiveCfg = Release|Any CPU
		{44D74D42-3550-4F1C-B310-DB8BDAEB12EA}.Release|Any CPU.Build.0 = Release|Any CPU
		{E1BFC8AC-6794-4AE5-81B0-53C6D1CEC00D}.Debug|Any CPU.ActiveCfg = Debug|Any CPU
		{E1BFC8AC-6794-4AE5-81B0-53C6D1CEC00D}.Debug|Any CPU.Build.0 = Debug|Any CPU
		{E1BFC8AC-6794-4AE5-81B0-53C6D1CEC00D}.Release|Any CPU.ActiveCfg = Release|Any CPU
		{E1BFC8AC-6794-4AE5-81B0-53C6D1CEC00D}.Release|Any CPU.Build.0 = Release|Any CPU
	EndGlobalSection
	GlobalSection(SolutionProperties) = preSolution
		HideSolutionNode = FALSE
	EndGlobalSection
	GlobalSection(ExtensibilityGlobals) = postSolution
		SolutionGuid = {7EAF9228-ED84-48CA-B27A-3FA3D4D61E5F}
	EndGlobalSection
EndGlobal
